
Microsoft Visual Studio Solution File, Format Version 12.00
# Visual Studio Version 17
VisualStudioVersion = 17.4.33213.308
MinimumVisualStudioVersion = 10.0.40219.1
Project("{9A19103F-16F7-4668-BE54-9A1E7A4F7556}") = "CRUD-Projekti", "CRUD-Projekti\CRUD-Projekti.csproj", "{0DD67F94-38C8-4836-AA27-CAA8D521F574}"
EndProject
Project("{9A19103F-16F7-4668-BE54-9A1E7A4F7556}") = "Harjoitus2", "Harjoitus2\Harjoitus2.csproj", "{70BDA099-A36D-4DDC-B360-C1ED9AE4F2EE}"
EndProject
Project("{9A19103F-16F7-4668-BE54-9A1E7A4F7556}") = "Harjoitus3", "Harjoitus3\Harjoitus3.csproj", "{319098AD-A932-4C58-8C66-C2587EF75E53}"
EndProject
Project("{9A19103F-16F7-4668-BE54-9A1E7A4F7556}") = "Harjoitus4", "Harjoitus4\Harjoitus4.csproj", "{5BE08B29-3F41-4B9D-B522-2D106BECD0A5}"
EndProject
Project("{9A19103F-16F7-4668-BE54-9A1E7A4F7556}") = "LukujenJarjestys", "LukujenJarjestys\LukujenJarjestys.csproj", "{FFFE96D7-7506-47E0-94AE-B28C3B884529}"
EndProject
Project("{9A19103F-16F7-4668-BE54-9A1E7A4F7556}") = "Salasanantarkastus", "Salasanantarkastus\Salasanantarkastus.csproj", "{07044B40-A030-4E47-A6FB-E1BB7C4AB275}"
EndProject
Project("{9A19103F-16F7-4668-BE54-9A1E7A4F7556}") = "AutoKuluLaskuri", "AutoKuluLaskuri\AutoKuluLaskuri.csproj", "{15FAD1B9-E939-4497-954D-0E675CCA1F01}"
EndProject
Project("{9A19103F-16F7-4668-BE54-9A1E7A4F7556}") = "RoomalaisetNro", "RoomalaisetNro\RoomalaisetNro.csproj", "{6C92194B-7BE7-4A24-A872-8BFC1BEAC6E3}"
EndProject
Project("{9A19103F-16F7-4668-BE54-9A1E7A4F7556}") = "CelciusToFahrenheit", "CelciusToFahrenheit\CelciusToFahrenheit.csproj", "{948B6E26-2A76-4D4F-8135-FFD2864AAE04}"
EndProject
Project("{9A19103F-16F7-4668-BE54-9A1E7A4F7556}") = "BMILaskuri", "BMILaskuri\BMILaskuri.csproj", "{1270F7F5-83AC-4803-BF29-18380AF7172F}"
EndProject
Project("{FAE04EC0-301F-11D3-BF4B-00C04F79EFBC}") = "NopanHeitto", "NopanHeitto\NopanHeitto.csproj", "{DE6A74DC-8713-4102-9BEC-5FB6242AE542}"
EndProject
Project("{FAE04EC0-301F-11D3-BF4B-00C04F79EFBC}") = "10Kysymysta", "10Kysymysta\10Kysymysta.csproj", "{28FA015A-3197-4F65-A59A-B8B95EB5F509}"
EndProject
Global
	GlobalSection(SolutionConfigurationPlatforms) = preSolution
		Debug|Any CPU = Debug|Any CPU
		Release|Any CPU = Release|Any CPU
	EndGlobalSection
	GlobalSection(ProjectConfigurationPlatforms) = postSolution
		{0DD67F94-38C8-4836-AA27-CAA8D521F574}.Debug|Any CPU.ActiveCfg = Debug|Any CPU
		{0DD67F94-38C8-4836-AA27-CAA8D521F574}.Debug|Any CPU.Build.0 = Debug|Any CPU
		{0DD67F94-38C8-4836-AA27-CAA8D521F574}.Release|Any CPU.ActiveCfg = Release|Any CPU
		{0DD67F94-38C8-4836-AA27-CAA8D521F574}.Release|Any CPU.Build.0 = Release|Any CPU
		{70BDA099-A36D-4DDC-B360-C1ED9AE4F2EE}.Debug|Any CPU.ActiveCfg = Debug|Any CPU
		{70BDA099-A36D-4DDC-B360-C1ED9AE4F2EE}.Debug|Any CPU.Build.0 = Debug|Any CPU
		{70BDA099-A36D-4DDC-B360-C1ED9AE4F2EE}.Release|Any CPU.ActiveCfg = Release|Any CPU
		{70BDA099-A36D-4DDC-B360-C1ED9AE4F2EE}.Release|Any CPU.Build.0 = Release|Any CPU
		{319098AD-A932-4C58-8C66-C2587EF75E53}.Debug|Any CPU.ActiveCfg = Debug|Any CPU
		{319098AD-A932-4C58-8C66-C2587EF75E53}.Debug|Any CPU.Build.0 = Debug|Any CPU
		{319098AD-A932-4C58-8C66-C2587EF75E53}.Release|Any CPU.ActiveCfg = Release|Any CPU
		{319098AD-A932-4C58-8C66-C2587EF75E53}.Release|Any CPU.Build.0 = Release|Any CPU
		{5BE08B29-3F41-4B9D-B522-2D106BECD0A5}.Debug|Any CPU.ActiveCfg = Debug|Any CPU
		{5BE08B29-3F41-4B9D-B522-2D106BECD0A5}.Debug|Any CPU.Build.0 = Debug|Any CPU
		{5BE08B29-3F41-4B9D-B522-2D106BECD0A5}.Release|Any CPU.ActiveCfg = Release|Any CPU
		{5BE08B29-3F41-4B9D-B522-2D106BECD0A5}.Release|Any CPU.Build.0 = Release|Any CPU
		{FFFE96D7-7506-47E0-94AE-B28C3B884529}.Debug|Any CPU.ActiveCfg = Debug|Any CPU
		{FFFE96D7-7506-47E0-94AE-B28C3B884529}.Debug|Any CPU.Build.0 = Debug|Any CPU
		{FFFE96D7-7506-47E0-94AE-B28C3B884529}.Release|Any CPU.ActiveCfg = Release|Any CPU
		{FFFE96D7-7506-47E0-94AE-B28C3B884529}.Release|Any CPU.Build.0 = Release|Any CPU
		{07044B40-A030-4E47-A6FB-E1BB7C4AB275}.Debug|Any CPU.ActiveCfg = Debug|Any CPU
		{07044B40-A030-4E47-A6FB-E1BB7C4AB275}.Debug|Any CPU.Build.0 = Debug|Any CPU
		{07044B40-A030-4E47-A6FB-E1BB7C4AB275}.Release|Any CPU.ActiveCfg = Release|Any CPU
		{07044B40-A030-4E47-A6FB-E1BB7C4AB275}.Release|Any CPU.Build.0 = Release|Any CPU
		{15FAD1B9-E939-4497-954D-0E675CCA1F01}.Debug|Any CPU.ActiveCfg = Debug|Any CPU
		{15FAD1B9-E939-4497-954D-0E675CCA1F01}.Debug|Any CPU.Build.0 = Debug|Any CPU
		{15FAD1B9-E939-4497-954D-0E675CCA1F01}.Release|Any CPU.ActiveCfg = Release|Any CPU
		{15FAD1B9-E939-4497-954D-0E675CCA1F01}.Release|Any CPU.Build.0 = Release|Any CPU
		{6C92194B-7BE7-4A24-A872-8BFC1BEAC6E3}.Debug|Any CPU.ActiveCfg = Debug|Any CPU
		{6C92194B-7BE7-4A24-A872-8BFC1BEAC6E3}.Debug|Any CPU.Build.0 = Debug|Any CPU
		{6C92194B-7BE7-4A24-A872-8BFC1BEAC6E3}.Release|Any CPU.ActiveCfg = Release|Any CPU
		{6C92194B-7BE7-4A24-A872-8BFC1BEAC6E3}.Release|Any CPU.Build.0 = Release|Any CPU
		{948B6E26-2A76-4D4F-8135-FFD2864AAE04}.Debug|Any CPU.ActiveCfg = Debug|Any CPU
		{948B6E26-2A76-4D4F-8135-FFD2864AAE04}.Debug|Any CPU.Build.0 = Debug|Any CPU
		{948B6E26-2A76-4D4F-8135-FFD2864AAE04}.Release|Any CPU.ActiveCfg = Release|Any CPU
		{948B6E26-2A76-4D4F-8135-FFD2864AAE04}.Release|Any CPU.Build.0 = Release|Any CPU
		{1270F7F5-83AC-4803-BF29-18380AF7172F}.Debug|Any CPU.ActiveCfg = Debug|Any CPU
		{1270F7F5-83AC-4803-BF29-18380AF7172F}.Debug|Any CPU.Build.0 = Debug|Any CPU
		{1270F7F5-83AC-4803-BF29-18380AF7172F}.Release|Any CPU.ActiveCfg = Release|Any CPU
		{1270F7F5-83AC-4803-BF29-18380AF7172F}.Release|Any CPU.Build.0 = Release|Any CPU
		{DE6A74DC-8713-4102-9BEC-5FB6242AE542}.Debug|Any CPU.ActiveCfg = Debug|Any CPU
		{DE6A74DC-8713-4102-9BEC-5FB6242AE542}.Debug|Any CPU.Build.0 = Debug|Any CPU
		{DE6A74DC-8713-4102-9BEC-5FB6242AE542}.Release|Any CPU.ActiveCfg = Release|Any CPU
		{DE6A74DC-8713-4102-9BEC-5FB6242AE542}.Release|Any CPU.Build.0 = Release|Any CPU
		{28FA015A-3197-4F65-A59A-B8B95EB5F509}.Debug|Any CPU.ActiveCfg = Debug|Any CPU
		{28FA015A-3197-4F65-A59A-B8B95EB5F509}.Debug|Any CPU.Build.0 = Debug|Any CPU
		{28FA015A-3197-4F65-A59A-B8B95EB5F509}.Release|Any CPU.ActiveCfg = Release|Any CPU
		{28FA015A-3197-4F65-A59A-B8B95EB5F509}.Release|Any CPU.Build.0 = Release|Any CPU
	EndGlobalSection
	GlobalSection(SolutionProperties) = preSolution
		HideSolutionNode = FALSE
	EndGlobalSection
	GlobalSection(ExtensibilityGlobals) = postSolution
		SolutionGuid = {A5247E4D-BD88-49CE-857C-7F2B93180BD8}
	EndGlobalSection
EndGlobal
