
Microsoft Visual Studio Solution File, Format Version 12.00
# Visual Studio Version 17
VisualStudioVersion = 17.4.33213.308
MinimumVisualStudioVersion = 10.0.40219.1
Project("{FAE04EC0-301F-11D3-BF4B-00C04F79EFBC}") = "OpiskelijaRekisteri", "OpiskelijaRekisteri\OpiskelijaRekisteri.csproj", "{729B73FF-7693-42A3-9FEA-161561AB623B}"
EndProject
Global
	GlobalSection(SolutionConfigurationPlatforms) = preSolution
		Debug|Any CPU = Debug|Any CPU
		Release|Any CPU = Release|Any CPU
	EndGlobalSection
	GlobalSection(ProjectConfigurationPlatforms) = postSolution
		{729B73FF-7693-42A3-9FEA-161561AB623B}.Debug|Any CPU.ActiveCfg = Debug|Any CPU
		{729B73FF-7693-42A3-9FEA-161561AB623B}.Debug|Any CPU.Build.0 = Debug|Any CPU
		{729B73FF-7693-42A3-9FEA-161561AB623B}.Release|Any CPU.ActiveCfg = Release|Any CPU
		{729B73FF-7693-42A3-9FEA-161561AB623B}.Release|Any CPU.Build.0 = Release|Any CPU
	EndGlobalSection
	GlobalSection(SolutionProperties) = preSolution
		HideSolutionNode = FALSE
	EndGlobalSection
	GlobalSection(ExtensibilityGlobals) = postSolution
		SolutionGuid = {9629773E-B8C9-4B26-835D-0AFA7DE1FE62}
	EndGlobalSection
EndGlobal
