
Microsoft Visual Studio Solution File, Format Version 12.00
# Visual Studio Version 17
VisualStudioVersion = 17.3.32804.467
MinimumVisualStudioVersion = 10.0.40219.1
Project("{9A19103F-16F7-4668-BE54-9A1E7A4F7556}") = "projekti1", "projekti1\projekti1.csproj", "{F71CB512-AD34-4E5A-9FFA-BE9433DABE4F}"
EndProject
Project("{9A19103F-16F7-4668-BE54-9A1E7A4F7556}") = "Omanimi", "Omanimi\Omanimi.csproj", "{357EE273-9274-4573-9852-1F077651FB25}"
EndProject
Project("{9A19103F-16F7-4668-BE54-9A1E7A4F7556}") = "YksiNumerot", "YksiNumerot\YksiNumerot.csproj", "{65DC5722-A555-4FDE-9A5E-A667EB24BD3A}"
EndProject
Project("{9A19103F-16F7-4668-BE54-9A1E7A4F7556}") = "Aika", "Aika\Aika.csproj", "{9BB149D5-C084-40A2-816E-43BAD3F5C34C}"
EndProject
Project("{9A19103F-16F7-4668-BE54-9A1E7A4F7556}") = "Laske", "Laske\Laske.csproj", "{083E408E-48ED-41AC-95BB-C563A87F9F9F}"
EndProject
Project("{9A19103F-16F7-4668-BE54-9A1E7A4F7556}") = "ehtolause", "PERUSHARJOITUKSIA\ehtolause.csproj", "{B64C5A88-A5CB-4C77-A184-34A962013D04}"
EndProject
Project("{9A19103F-16F7-4668-BE54-9A1E7A4F7556}") = "suurinluku", "suurinluku\suurinluku.csproj", "{BD63296F-AC65-4F6D-A485-924A380BFFFD}"
EndProject
Project("{9A19103F-16F7-4668-BE54-9A1E7A4F7556}") = "lukusanaksi", "lukusanaksi\lukusanaksi.csproj", "{F4A36AE0-D378-46D9-B6B5-460958C5F490}"
EndProject
Project("{9A19103F-16F7-4668-BE54-9A1E7A4F7556}") = "5suurinta", "5suurinta\5suurinta.csproj", "{927BDFD8-E336-4941-8EB7-04DB1336892A}"
EndProject
Project("{9A19103F-16F7-4668-BE54-9A1E7A4F7556}") = "LuvutPisteiksi", "LuvutPisteiksi\LuvutPisteiksi.csproj", "{1AD85C0F-B447-45FE-85D8-6CB321CF239A}"
EndProject
Project("{9A19103F-16F7-4668-BE54-9A1E7A4F7556}") = "BonusPisteet", "BonusPisteet\BonusPisteet.csproj", "{07AA94E2-C601-4AA6-9805-65277DB1D708}"
EndProject
Project("{9A19103F-16F7-4668-BE54-9A1E7A4F7556}") = "Yhteenlasku", "Yhteenlasku\Yhteenlasku.csproj", "{B4A58AF3-2F2A-4A16-987F-B4BBB0C876BB}"
EndProject
Project("{9A19103F-16F7-4668-BE54-9A1E7A4F7556}") = "CelciusFahrenheiteiksi", "CelciusFahrenheiteiksi\CelciusFahrenheiteiksi.csproj", "{4AE3AA38-4697-4B2C-AE5E-BCBF666EA440}"
EndProject
Project("{9A19103F-16F7-4668-BE54-9A1E7A4F7556}") = "PerusLaskuToimitukset", "PerusLaskuToimitukset\PerusLaskuToimitukset.csproj", "{D215F6C7-22DE-4177-9F85-A33264ABAC81}"
EndProject
Project("{9A19103F-16F7-4668-BE54-9A1E7A4F7556}") = "JakoJaannos", "JakoJaannos\JakoJaannos.csproj", "{8A96A8D8-34C9-4B88-83A9-4F89A4573259}"
EndProject
Project("{9A19103F-16F7-4668-BE54-9A1E7A4F7556}") = "KayttajanNimi", "KayttajanNimi\KayttajanNimi.csproj", "{D10EC7D9-FCB9-42E2-AA91-3192D947C74D}"
EndProject
Project("{9A19103F-16F7-4668-BE54-9A1E7A4F7556}") = "KertoTaulu", "KertoTaulu\KertoTaulu.csproj", "{EC7C21D6-15C4-41B5-A25C-5AA871CD831E}"
EndProject
Project("{9A19103F-16F7-4668-BE54-9A1E7A4F7556}") = "IkaKertoja", "IkaKertoja\IkaKertoja.csproj", "{D7AA0701-2A4B-437B-9B67-56D3D9795BEC}"
EndProject
Project("{9A19103F-16F7-4668-BE54-9A1E7A4F7556}") = "Pankki", "Pankki\Pankki.csproj", "{AD40320D-653C-4A8F-B98D-D162C135F298}"
EndProject
Project("{9A19103F-16F7-4668-BE54-9A1E7A4F7556}") = "TulostaNumeroMontakertaa", "TulostaNumeroMontakertaa\TulostaNumeroMontakertaa.csproj", "{E16C8CBA-FD08-4174-A164-0C998782A6B2}"
EndProject
Project("{9A19103F-16F7-4668-BE54-9A1E7A4F7556}") = "KokonaislukuTarkastus", "KokonaislukuTarkastus\KokonaislukuTarkastus.csproj", "{955691DC-8793-4A43-87BD-646231D97EC1}"
EndProject
Project("{9A19103F-16F7-4668-BE54-9A1E7A4F7556}") = "VaihdaEkaVika", "VaihdaEkaVika\VaihdaEkaVika.csproj", "{1785D6C5-6234-4649-ABF9-238FB19FABD8}"
EndProject
Project("{9A19103F-16F7-4668-BE54-9A1E7A4F7556}") = "PisinSana", "PisinSana\PisinSana.csproj", "{8E1E5264-CB0F-4EA9-9345-271B767C2E95}"
EndProject
Project("{9A19103F-16F7-4668-BE54-9A1E7A4F7556}") = "Parittomat", "Parittomat\Parittomat.csproj", "{FF15B87D-7CB6-4CFA-A222-443B06EDB04B}"
EndProject
Project("{9A19103F-16F7-4668-BE54-9A1E7A4F7556}") = "JaollinenKolmella", "JaollinenKolmella\JaollinenKolmella.csproj", "{11AC20A6-5CC3-48F1-BE61-89075E44B287}"
EndProject
Project("{9A19103F-16F7-4668-BE54-9A1E7A4F7556}") = "0-999", "0-999\0-999.csproj", "{092B2BE5-4836-497C-9CA6-35224185FDA2}"
EndProject
Project("{FAE04EC0-301F-11D3-BF4B-00C04F79EFBC}") = "BankAccount", "BankAccount\BankAccount.csproj", "{9B3C2438-E13D-4348-A1D5-43C081A1A39D}"
EndProject
Global
	GlobalSection(SolutionConfigurationPlatforms) = preSolution
		Debug|Any CPU = Debug|Any CPU
		Release|Any CPU = Release|Any CPU
	EndGlobalSection
	GlobalSection(ProjectConfigurationPlatforms) = postSolution
		{F71CB512-AD34-4E5A-9FFA-BE9433DABE4F}.Debug|Any CPU.ActiveCfg = Debug|Any CPU
		{F71CB512-AD34-4E5A-9FFA-BE9433DABE4F}.Debug|Any CPU.Build.0 = Debug|Any CPU
		{F71CB512-AD34-4E5A-9FFA-BE9433DABE4F}.Release|Any CPU.ActiveCfg = Release|Any CPU
		{F71CB512-AD34-4E5A-9FFA-BE9433DABE4F}.Release|Any CPU.Build.0 = Release|Any CPU
		{357EE273-9274-4573-9852-1F077651FB25}.Debug|Any CPU.ActiveCfg = Debug|Any CPU
		{357EE273-9274-4573-9852-1F077651FB25}.Debug|Any CPU.Build.0 = Debug|Any CPU
		{357EE273-9274-4573-9852-1F077651FB25}.Release|Any CPU.ActiveCfg = Release|Any CPU
		{357EE273-9274-4573-9852-1F077651FB25}.Release|Any CPU.Build.0 = Release|Any CPU
		{65DC5722-A555-4FDE-9A5E-A667EB24BD3A}.Debug|Any CPU.ActiveCfg = Debug|Any CPU
		{65DC5722-A555-4FDE-9A5E-A667EB24BD3A}.Debug|Any CPU.Build.0 = Debug|Any CPU
		{65DC5722-A555-4FDE-9A5E-A667EB24BD3A}.Release|Any CPU.ActiveCfg = Release|Any CPU
		{65DC5722-A555-4FDE-9A5E-A667EB24BD3A}.Release|Any CPU.Build.0 = Release|Any CPU
		{9BB149D5-C084-40A2-816E-43BAD3F5C34C}.Debug|Any CPU.ActiveCfg = Debug|Any CPU
		{9BB149D5-C084-40A2-816E-43BAD3F5C34C}.Debug|Any CPU.Build.0 = Debug|Any CPU
		{9BB149D5-C084-40A2-816E-43BAD3F5C34C}.Release|Any CPU.ActiveCfg = Release|Any CPU
		{9BB149D5-C084-40A2-816E-43BAD3F5C34C}.Release|Any CPU.Build.0 = Release|Any CPU
		{083E408E-48ED-41AC-95BB-C563A87F9F9F}.Debug|Any CPU.ActiveCfg = Debug|Any CPU
		{083E408E-48ED-41AC-95BB-C563A87F9F9F}.Debug|Any CPU.Build.0 = Debug|Any CPU
		{083E408E-48ED-41AC-95BB-C563A87F9F9F}.Release|Any CPU.ActiveCfg = Release|Any CPU
		{083E408E-48ED-41AC-95BB-C563A87F9F9F}.Release|Any CPU.Build.0 = Release|Any CPU
		{B64C5A88-A5CB-4C77-A184-34A962013D04}.Debug|Any CPU.ActiveCfg = Debug|Any CPU
		{B64C5A88-A5CB-4C77-A184-34A962013D04}.Debug|Any CPU.Build.0 = Debug|Any CPU
		{B64C5A88-A5CB-4C77-A184-34A962013D04}.Release|Any CPU.ActiveCfg = Release|Any CPU
		{B64C5A88-A5CB-4C77-A184-34A962013D04}.Release|Any CPU.Build.0 = Release|Any CPU
		{BD63296F-AC65-4F6D-A485-924A380BFFFD}.Debug|Any CPU.ActiveCfg = Debug|Any CPU
		{BD63296F-AC65-4F6D-A485-924A380BFFFD}.Debug|Any CPU.Build.0 = Debug|Any CPU
		{BD63296F-AC65-4F6D-A485-924A380BFFFD}.Release|Any CPU.ActiveCfg = Release|Any CPU
		{BD63296F-AC65-4F6D-A485-924A380BFFFD}.Release|Any CPU.Build.0 = Release|Any CPU
		{F4A36AE0-D378-46D9-B6B5-460958C5F490}.Debug|Any CPU.ActiveCfg = Debug|Any CPU
		{F4A36AE0-D378-46D9-B6B5-460958C5F490}.Debug|Any CPU.Build.0 = Debug|Any CPU
		{F4A36AE0-D378-46D9-B6B5-460958C5F490}.Release|Any CPU.ActiveCfg = Release|Any CPU
		{F4A36AE0-D378-46D9-B6B5-460958C5F490}.Release|Any CPU.Build.0 = Release|Any CPU
		{927BDFD8-E336-4941-8EB7-04DB1336892A}.Debug|Any CPU.ActiveCfg = Debug|Any CPU
		{927BDFD8-E336-4941-8EB7-04DB1336892A}.Debug|Any CPU.Build.0 = Debug|Any CPU
		{927BDFD8-E336-4941-8EB7-04DB1336892A}.Release|Any CPU.ActiveCfg = Release|Any CPU
		{927BDFD8-E336-4941-8EB7-04DB1336892A}.Release|Any CPU.Build.0 = Release|Any CPU
		{1AD85C0F-B447-45FE-85D8-6CB321CF239A}.Debug|Any CPU.ActiveCfg = Debug|Any CPU
		{1AD85C0F-B447-45FE-85D8-6CB321CF239A}.Debug|Any CPU.Build.0 = Debug|Any CPU
		{1AD85C0F-B447-45FE-85D8-6CB321CF239A}.Release|Any CPU.ActiveCfg = Release|Any CPU
		{1AD85C0F-B447-45FE-85D8-6CB321CF239A}.Release|Any CPU.Build.0 = Release|Any CPU
		{07AA94E2-C601-4AA6-9805-65277DB1D708}.Debug|Any CPU.ActiveCfg = Debug|Any CPU
		{07AA94E2-C601-4AA6-9805-65277DB1D708}.Debug|Any CPU.Build.0 = Debug|Any CPU
		{07AA94E2-C601-4AA6-9805-65277DB1D708}.Release|Any CPU.ActiveCfg = Release|Any CPU
		{07AA94E2-C601-4AA6-9805-65277DB1D708}.Release|Any CPU.Build.0 = Release|Any CPU
		{B4A58AF3-2F2A-4A16-987F-B4BBB0C876BB}.Debug|Any CPU.ActiveCfg = Debug|Any CPU
		{B4A58AF3-2F2A-4A16-987F-B4BBB0C876BB}.Debug|Any CPU.Build.0 = Debug|Any CPU
		{B4A58AF3-2F2A-4A16-987F-B4BBB0C876BB}.Release|Any CPU.ActiveCfg = Release|Any CPU
		{B4A58AF3-2F2A-4A16-987F-B4BBB0C876BB}.Release|Any CPU.Build.0 = Release|Any CPU
		{4AE3AA38-4697-4B2C-AE5E-BCBF666EA440}.Debug|Any CPU.ActiveCfg = Debug|Any CPU
		{4AE3AA38-4697-4B2C-AE5E-BCBF666EA440}.Debug|Any CPU.Build.0 = Debug|Any CPU
		{4AE3AA38-4697-4B2C-AE5E-BCBF666EA440}.Release|Any CPU.ActiveCfg = Release|Any CPU
		{4AE3AA38-4697-4B2C-AE5E-BCBF666EA440}.Release|Any CPU.Build.0 = Release|Any CPU
		{D215F6C7-22DE-4177-9F85-A33264ABAC81}.Debug|Any CPU.ActiveCfg = Debug|Any CPU
		{D215F6C7-22DE-4177-9F85-A33264ABAC81}.Debug|Any CPU.Build.0 = Debug|Any CPU
		{D215F6C7-22DE-4177-9F85-A33264ABAC81}.Release|Any CPU.ActiveCfg = Release|Any CPU
		{D215F6C7-22DE-4177-9F85-A33264ABAC81}.Release|Any CPU.Build.0 = Release|Any CPU
		{8A96A8D8-34C9-4B88-83A9-4F89A4573259}.Debug|Any CPU.ActiveCfg = Debug|Any CPU
		{8A96A8D8-34C9-4B88-83A9-4F89A4573259}.Debug|Any CPU.Build.0 = Debug|Any CPU
		{8A96A8D8-34C9-4B88-83A9-4F89A4573259}.Release|Any CPU.ActiveCfg = Release|Any CPU
		{8A96A8D8-34C9-4B88-83A9-4F89A4573259}.Release|Any CPU.Build.0 = Release|Any CPU
		{D10EC7D9-FCB9-42E2-AA91-3192D947C74D}.Debug|Any CPU.ActiveCfg = Debug|Any CPU
		{D10EC7D9-FCB9-42E2-AA91-3192D947C74D}.Debug|Any CPU.Build.0 = Debug|Any CPU
		{D10EC7D9-FCB9-42E2-AA91-3192D947C74D}.Release|Any CPU.ActiveCfg = Release|Any CPU
		{D10EC7D9-FCB9-42E2-AA91-3192D947C74D}.Release|Any CPU.Build.0 = Release|Any CPU
		{EC7C21D6-15C4-41B5-A25C-5AA871CD831E}.Debug|Any CPU.ActiveCfg = Debug|Any CPU
		{EC7C21D6-15C4-41B5-A25C-5AA871CD831E}.Debug|Any CPU.Build.0 = Debug|Any CPU
		{EC7C21D6-15C4-41B5-A25C-5AA871CD831E}.Release|Any CPU.ActiveCfg = Release|Any CPU
		{EC7C21D6-15C4-41B5-A25C-5AA871CD831E}.Release|Any CPU.Build.0 = Release|Any CPU
		{D7AA0701-2A4B-437B-9B67-56D3D9795BEC}.Debug|Any CPU.ActiveCfg = Debug|Any CPU
		{D7AA0701-2A4B-437B-9B67-56D3D9795BEC}.Debug|Any CPU.Build.0 = Debug|Any CPU
		{D7AA0701-2A4B-437B-9B67-56D3D9795BEC}.Release|Any CPU.ActiveCfg = Release|Any CPU
		{D7AA0701-2A4B-437B-9B67-56D3D9795BEC}.Release|Any CPU.Build.0 = Release|Any CPU
		{AD40320D-653C-4A8F-B98D-D162C135F298}.Debug|Any CPU.ActiveCfg = Debug|Any CPU
		{AD40320D-653C-4A8F-B98D-D162C135F298}.Debug|Any CPU.Build.0 = Debug|Any CPU
		{AD40320D-653C-4A8F-B98D-D162C135F298}.Release|Any CPU.ActiveCfg = Release|Any CPU
		{AD40320D-653C-4A8F-B98D-D162C135F298}.Release|Any CPU.Build.0 = Release|Any CPU
		{E16C8CBA-FD08-4174-A164-0C998782A6B2}.Debug|Any CPU.ActiveCfg = Debug|Any CPU
		{E16C8CBA-FD08-4174-A164-0C998782A6B2}.Debug|Any CPU.Build.0 = Debug|Any CPU
		{E16C8CBA-FD08-4174-A164-0C998782A6B2}.Release|Any CPU.ActiveCfg = Release|Any CPU
		{E16C8CBA-FD08-4174-A164-0C998782A6B2}.Release|Any CPU.Build.0 = Release|Any CPU
		{955691DC-8793-4A43-87BD-646231D97EC1}.Debug|Any CPU.ActiveCfg = Debug|Any CPU
		{955691DC-8793-4A43-87BD-646231D97EC1}.Debug|Any CPU.Build.0 = Debug|Any CPU
		{955691DC-8793-4A43-87BD-646231D97EC1}.Release|Any CPU.ActiveCfg = Release|Any CPU
		{955691DC-8793-4A43-87BD-646231D97EC1}.Release|Any CPU.Build.0 = Release|Any CPU
		{1785D6C5-6234-4649-ABF9-238FB19FABD8}.Debug|Any CPU.ActiveCfg = Debug|Any CPU
		{1785D6C5-6234-4649-ABF9-238FB19FABD8}.Debug|Any CPU.Build.0 = Debug|Any CPU
		{1785D6C5-6234-4649-ABF9-238FB19FABD8}.Release|Any CPU.ActiveCfg = Release|Any CPU
		{1785D6C5-6234-4649-ABF9-238FB19FABD8}.Release|Any CPU.Build.0 = Release|Any CPU
		{8E1E5264-CB0F-4EA9-9345-271B767C2E95}.Debug|Any CPU.ActiveCfg = Debug|Any CPU
		{8E1E5264-CB0F-4EA9-9345-271B767C2E95}.Debug|Any CPU.Build.0 = Debug|Any CPU
		{8E1E5264-CB0F-4EA9-9345-271B767C2E95}.Release|Any CPU.ActiveCfg = Release|Any CPU
		{8E1E5264-CB0F-4EA9-9345-271B767C2E95}.Release|Any CPU.Build.0 = Release|Any CPU
		{FF15B87D-7CB6-4CFA-A222-443B06EDB04B}.Debug|Any CPU.ActiveCfg = Debug|Any CPU
		{FF15B87D-7CB6-4CFA-A222-443B06EDB04B}.Debug|Any CPU.Build.0 = Debug|Any CPU
		{FF15B87D-7CB6-4CFA-A222-443B06EDB04B}.Release|Any CPU.ActiveCfg = Release|Any CPU
		{FF15B87D-7CB6-4CFA-A222-443B06EDB04B}.Release|Any CPU.Build.0 = Release|Any CPU
		{11AC20A6-5CC3-48F1-BE61-89075E44B287}.Debug|Any CPU.ActiveCfg = Debug|Any CPU
		{11AC20A6-5CC3-48F1-BE61-89075E44B287}.Debug|Any CPU.Build.0 = Debug|Any CPU
		{11AC20A6-5CC3-48F1-BE61-89075E44B287}.Release|Any CPU.ActiveCfg = Release|Any CPU
		{11AC20A6-5CC3-48F1-BE61-89075E44B287}.Release|Any CPU.Build.0 = Release|Any CPU
		{092B2BE5-4836-497C-9CA6-35224185FDA2}.Debug|Any CPU.ActiveCfg = Debug|Any CPU
		{092B2BE5-4836-497C-9CA6-35224185FDA2}.Debug|Any CPU.Build.0 = Debug|Any CPU
		{092B2BE5-4836-497C-9CA6-35224185FDA2}.Release|Any CPU.ActiveCfg = Release|Any CPU
		{092B2BE5-4836-497C-9CA6-35224185FDA2}.Release|Any CPU.Build.0 = Release|Any CPU
		{9B3C2438-E13D-4348-A1D5-43C081A1A39D}.Debug|Any CPU.ActiveCfg = Debug|Any CPU
		{9B3C2438-E13D-4348-A1D5-43C081A1A39D}.Debug|Any CPU.Build.0 = Debug|Any CPU
		{9B3C2438-E13D-4348-A1D5-43C081A1A39D}.Release|Any CPU.ActiveCfg = Release|Any CPU
		{9B3C2438-E13D-4348-A1D5-43C081A1A39D}.Release|Any CPU.Build.0 = Release|Any CPU
	EndGlobalSection
	GlobalSection(SolutionProperties) = preSolution
		HideSolutionNode = FALSE
	EndGlobalSection
	GlobalSection(ExtensibilityGlobals) = postSolution
		SolutionGuid = {CAC97AC9-9816-43A2-BAE3-074E39B320A5}
	EndGlobalSection
EndGlobal
